
Microsoft Visual Studio Solution File, Format Version 12.00
# Visual Studio Version 16
VisualStudioVersion = 16.0.30114.105
MinimumVisualStudioVersion = 10.0.40219.1
Project("{FAE04EC0-301F-11D3-BF4B-00C04F79EFBC}") = "NppService", "NppService\NppService.csproj", "{EBA5BBE2-2B01-4EC2-8D9B-CC6CBE4227AD}"
EndProject
Global
	GlobalSection(SolutionConfigurationPlatforms) = preSolution
		Debug|Any CPU = Debug|Any CPU
		Release|Any CPU = Release|Any CPU
	EndGlobalSection
	GlobalSection(ProjectConfigurationPlatforms) = postSolution
		{EBA5BBE2-2B01-4EC2-8D9B-CC6CBE4227AD}.Debug|Any CPU.ActiveCfg = Debug|Any CPU
		{EBA5BBE2-2B01-4EC2-8D9B-CC6CBE4227AD}.Debug|Any CPU.Build.0 = Debug|Any CPU
		{EBA5BBE2-2B01-4EC2-8D9B-CC6CBE4227AD}.Release|Any CPU.ActiveCfg = Release|Any CPU
		{EBA5BBE2-2B01-4EC2-8D9B-CC6CBE4227AD}.Release|Any CPU.Build.0 = Release|Any CPU
	EndGlobalSection
	GlobalSection(SolutionProperties) = preSolution
		HideSolutionNode = FALSE
	EndGlobalSection
	GlobalSection(ExtensibilityGlobals) = postSolution
		SolutionGuid = {34DC6551-9AC6-433A-A406-FBF35E99A406}
	EndGlobalSection
EndGlobal
